{
    "_readme": [
        "This file locks the dependencies of your project to a known state",
        "Read more about it at https://getcomposer.org/doc/01-basic-usage.md#composer-lock-the-lock-file",
        "This file is @generated automatically"
    ],
    "hash": "25ffc28d38f5a3590636d7151a56b5e2",
    "content-hash": "b43cdb23be72590aa6d0f95e340b8a22",
    "packages": [
        {
            "name": "callr/sdk-php",
            "version": "v0.9.1",
            "source": {
                "type": "git",
                "url": "https://github.com/THECALLR/sdk-php.git",
                "reference": "ff263d153c82f8f4ce14ca301e365940ea63500f"
            },
            "dist": {
                "type": "zip",
                "url": "https://api.github.com/repos/THECALLR/sdk-php/zipball/ff263d153c82f8f4ce14ca301e365940ea63500f",
                "reference": "ff263d153c82f8f4ce14ca301e365940ea63500f",
                "shasum": ""
            },
            "require": {
                "ext-curl": "*",
                "ext-json": "*",
                "php": ">=5.4.0"
            },
            "type": "library",
            "autoload": {
                "psr-4": {
                    "CALLR\\": "src/CALLR/"
                }
            },
            "notification-url": "https://packagist.org/downloads/",
            "license": [
                "MIT"
            ],
            "authors": [
                {
                    "name": "Florent CHAUVEAU",
                    "email": "fc@callr.com",
                    "role": "Developer"
                },
                {
                    "name": "Michael JACQUIN",
                    "email": "mj@callr.com",
                    "role": "Developer"
                }
            ],
            "description": "CALLR PHP SDK for JSON-RPC API",
            "homepage": "https://github.com/THECALLR/sdk-php",
            "keywords": [
                "CALLR",
                "sdk",
                "thecallr"
            ],
            "time": "2016-10-25 15:53:34"
        },
        {
            "name": "giggsey/libphonenumber-for-php",
            "version": "7.7.2",
            "source": {
                "type": "git",
                "url": "https://github.com/giggsey/libphonenumber-for-php.git",
                "reference": "245324b87d59fe122945f5cf4521c75af2bd472a"
            },
            "dist": {
                "type": "zip",
                "url": "https://api.github.com/repos/giggsey/libphonenumber-for-php/zipball/245324b87d59fe122945f5cf4521c75af2bd472a",
                "reference": "245324b87d59fe122945f5cf4521c75af2bd472a",
                "shasum": ""
            },
            "require": {
                "ext-mbstring": "*",
                "giggsey/locale": "^1.0",
                "php": ">=5.3.2"
            },
            "require-dev": {
                "pear/pear-core-minimal": "^1.9",
                "pear/pear_exception": "^1.0",
                "pear/versioncontrol_git": "dev-master",
                "phing/phing": "^2.7",
                "phpunit/phpunit": "^4.8|^5.0",
                "satooshi/php-coveralls": "^1.0",
                "symfony/console": "^2.8|^3.0"
            },
            "type": "library",
            "extra": {
                "branch-alias": {
                    "dev-master": "7.x-dev"
                }
            },
            "autoload": {
                "psr-0": {
                    "libphonenumber": "src/"
                }
            },
            "notification-url": "https://packagist.org/downloads/",
            "license": [
                "Apache-2.0"
            ],
            "authors": [
                {
                    "name": "Joshua Gigg",
                    "email": "giggsey@gmail.com",
                    "homepage": "http://giggsey.com/"
                }
            ],
            "description": "PHP Port of Google's libphonenumber",
            "homepage": "https://github.com/giggsey/libphonenumber-for-php",
            "keywords": [
                "geocoding",
                "geolocation",
                "libphonenumber",
                "mobile",
                "phonenumber",
                "validation"
            ],
            "time": "2016-10-06 13:02:39"
        },
        {
            "name": "giggsey/locale",
            "version": "1.1.1",
            "source": {
                "type": "git",
                "url": "https://github.com/giggsey/Locale.git",
                "reference": "8238764fa3f2c5bd8bdf981e2e019401d49229e3"
            },
            "dist": {
                "type": "zip",
                "url": "https://api.github.com/repos/giggsey/Locale/zipball/8238764fa3f2c5bd8bdf981e2e019401d49229e3",
                "reference": "8238764fa3f2c5bd8bdf981e2e019401d49229e3",
                "shasum": ""
            },
            "require": {
                "php": ">=5.3.2"
            },
            "require-dev": {
                "pear/pear-core-minimal": "^1.9",
                "pear/pear_exception": "^1.0",
                "pear/versioncontrol_git": "dev-master",
                "phing/phing": "~2.7",
                "phpunit/phpunit": "^4.8|^5.0",
                "satooshi/php-coveralls": "^1.0",
                "symfony/console": "^2.8|^3.0",
                "symfony/filesystem": "^2.8|^3.0",
                "symfony/finder": "^2.8|^3.0",
                "symfony/process": "^2.8|^3.0"
            },
            "type": "library",
            "autoload": {
                "psr-4": {
                    "Giggsey\\Locale\\": "src/"
                }
            },
            "notification-url": "https://packagist.org/downloads/",
            "license": [
                "MIT"
            ],
            "authors": [
                {
                    "name": "Joshua Gigg",
                    "email": "giggsey@gmail.com",
                    "homepage": "http://giggsey.com/"
                }
            ],
            "description": "Locale functions required by libphonenumber-for-php",
            "time": "2016-10-24 20:49:55"
        }
    ],
    "packages-dev": [],
    "aliases": [],
    "minimum-stability": "stable",
    "stability-flags": [],
    "prefer-stable": false,
    "prefer-lowest": false,
    "platform": [],
    "platform-dev": []
}
